
Microsoft Visual Studio Solution File, Format Version 12.00
# Visual Studio 15
VisualStudioVersion = 15.0.28010.2050
MinimumVisualStudioVersion = 10.0.40219.1
Project("{3B740506-4966-4147-AB1F-357FE08946EA}") = "TcHmiTextboxExtended", "TcHmiTextboxExtended\TcHmiTextboxExtended.hmiextproj", "{24BAC9E2-D7BB-4CE1-B93D-E0132E9E21BF}"
EndProject
Global
	GlobalSection(SolutionConfigurationPlatforms) = preSolution
		Debug|TwinCAT HMI = Debug|TwinCAT HMI
		Release|TwinCAT HMI = Release|TwinCAT HMI
	EndGlobalSection
	GlobalSection(ProjectConfigurationPlatforms) = postSolution
		{24BAC9E2-D7BB-4CE1-B93D-E0132E9E21BF}.Debug|TwinCAT HMI.ActiveCfg = Debug|TwinCAT HMI
		{24BAC9E2-D7BB-4CE1-B93D-E0132E9E21BF}.Debug|TwinCAT HMI.Build.0 = Debug|TwinCAT HMI
		{24BAC9E2-D7BB-4CE1-B93D-E0132E9E21BF}.Release|TwinCAT HMI.ActiveCfg = Release|TwinCAT HMI
		{24BAC9E2-D7BB-4CE1-B93D-E0132E9E21BF}.Release|TwinCAT HMI.Build.0 = Release|TwinCAT HMI
	EndGlobalSection
	GlobalSection(SolutionProperties) = preSolution
		HideSolutionNode = FALSE
	EndGlobalSection
	GlobalSection(ExtensibilityGlobals) = postSolution
		SolutionGuid = {E61F96E9-0BE4-454D-B1D4-5E0F4FF34D82}
	EndGlobalSection
EndGlobal
